// !$*UTF8*$!
{
	archiveVersion = 1;
	classes = {
	};
	objectVersion = 46;
	objects = {

/* Begin PBXBuildFile section */
		725264841A76097B008CAFD7 /* main.swift in Sources */ = {isa = PBXBuildFile; fileRef = 725264831A76097B008CAFD7 /* main.swift */; };
		7252648B1A761075008CAFD7 /* AssetCatalog.swift in Sources */ = {isa = PBXBuildFile; fileRef = 7252648A1A761075008CAFD7 /* AssetCatalog.swift */; };
		7252C7811A7A9E8500CB6DD4 /* Storyboard.swift in Sources */ = {isa = PBXBuildFile; fileRef = 7252C7801A7A9E8500CB6DD4 /* Storyboard.swift */; };
		7267FDF91A78AF83003F173B /* StringExtension.swift in Sources */ = {isa = PBXBuildFile; fileRef = 7267FDF81A78AF83003F173B /* StringExtension.swift */; };
		726E16B41A77F35B00400E7C /* FSTree.swift in Sources */ = {isa = PBXBuildFile; fileRef = 726E16B31A77F35B00400E7C /* FSTree.swift */; };
		72807E511A79438F0066BAAE /* SequenceOperations.swift in Sources */ = {isa = PBXBuildFile; fileRef = 72807E501A79438F0066BAAE /* SequenceOperations.swift */; };
		72807E531A794BB30066BAAE /* Optional.swift in Sources */ = {isa = PBXBuildFile; fileRef = 72807E521A794BB30066BAAE /* Optional.swift */; };
		72C4781F1A7D82E900D06B66 /* ArgumentParser.swift in Sources */ = {isa = PBXBuildFile; fileRef = 72C478191A7D82E900D06B66 /* ArgumentParser.swift */; };
		72C478201A7D82E900D06B66 /* Command.swift in Sources */ = {isa = PBXBuildFile; fileRef = 72C4781A1A7D82E900D06B66 /* Command.swift */; };
		72C478211A7D82E900D06B66 /* Errors.swift in Sources */ = {isa = PBXBuildFile; fileRef = 72C4781C1A7D82E900D06B66 /* Errors.swift */; };
		72C478221A7D82E900D06B66 /* HelpCommand.swift in Sources */ = {isa = PBXBuildFile; fileRef = 72C4781D1A7D82E900D06B66 /* HelpCommand.swift */; };
		72C478231A7D82E900D06B66 /* Option.swift in Sources */ = {isa = PBXBuildFile; fileRef = 72C4781E1A7D82E900D06B66 /* Option.swift */; };
		72C478261A7D833600D06B66 /* Result.swift in Sources */ = {isa = PBXBuildFile; fileRef = 72C478251A7D833600D06B66 /* Result.swift */; };
		72F112951A761EBA002DA544 /* CodeGeneratorType.swift in Sources */ = {isa = PBXBuildFile; fileRef = 72F112941A761EBA002DA544 /* CodeGeneratorType.swift */; };
		72FAC0A11A7971A400D25200 /* ColorList.swift in Sources */ = {isa = PBXBuildFile; fileRef = 72FAC0A01A7971A400D25200 /* ColorList.swift */; };
		72FAC0A31A7971F200D25200 /* NSURLExtension.swift in Sources */ = {isa = PBXBuildFile; fileRef = 72FAC0A21A7971F200D25200 /* NSURLExtension.swift */; };
/* End PBXBuildFile section */

/* Begin PBXCopyFilesBuildPhase section */
		7252647E1A76097B008CAFD7 /* CopyFiles */ = {
			isa = PBXCopyFilesBuildPhase;
			buildActionMask = 2147483647;
			dstPath = /usr/share/man/man1/;
			dstSubfolderSpec = 0;
			files = (
			);
			runOnlyForDeploymentPostprocessing = 1;
		};
/* End PBXCopyFilesBuildPhase section */

/* Begin PBXFileReference section */
		725264801A76097B008CAFD7 /* swiftrsrc */ = {isa = PBXFileReference; explicitFileType = "compiled.mach-o.executable"; includeInIndex = 0; path = swiftrsrc; sourceTree = BUILT_PRODUCTS_DIR; };
		725264831A76097B008CAFD7 /* main.swift */ = {isa = PBXFileReference; lastKnownFileType = sourcecode.swift; path = main.swift; sourceTree = "<group>"; };
		7252648A1A761075008CAFD7 /* AssetCatalog.swift */ = {isa = PBXFileReference; fileEncoding = 4; lastKnownFileType = sourcecode.swift; path = AssetCatalog.swift; sourceTree = "<group>"; };
		7252C7801A7A9E8500CB6DD4 /* Storyboard.swift */ = {isa = PBXFileReference; fileEncoding = 4; lastKnownFileType = sourcecode.swift; path = Storyboard.swift; sourceTree = "<group>"; };
		7267FDF81A78AF83003F173B /* StringExtension.swift */ = {isa = PBXFileReference; fileEncoding = 4; lastKnownFileType = sourcecode.swift; path = StringExtension.swift; sourceTree = "<group>"; };
		726E16B31A77F35B00400E7C /* FSTree.swift */ = {isa = PBXFileReference; fileEncoding = 4; lastKnownFileType = sourcecode.swift; path = FSTree.swift; sourceTree = "<group>"; };
		72807E501A79438F0066BAAE /* SequenceOperations.swift */ = {isa = PBXFileReference; fileEncoding = 4; lastKnownFileType = sourcecode.swift; path = SequenceOperations.swift; sourceTree = "<group>"; };
		72807E521A794BB30066BAAE /* Optional.swift */ = {isa = PBXFileReference; fileEncoding = 4; lastKnownFileType = sourcecode.swift; path = Optional.swift; sourceTree = "<group>"; };
		72C478191A7D82E900D06B66 /* ArgumentParser.swift */ = {isa = PBXFileReference; fileEncoding = 4; lastKnownFileType = sourcecode.swift; name = ArgumentParser.swift; path = External/Commandant/Commandant/ArgumentParser.swift; sourceTree = "<group>"; };
		72C4781A1A7D82E900D06B66 /* Command.swift */ = {isa = PBXFileReference; fileEncoding = 4; lastKnownFileType = sourcecode.swift; name = Command.swift; path = External/Commandant/Commandant/Command.swift; sourceTree = "<group>"; };
		72C4781B1A7D82E900D06B66 /* Commandant.h */ = {isa = PBXFileReference; fileEncoding = 4; lastKnownFileType = sourcecode.c.h; name = Commandant.h; path = External/Commandant/Commandant/Commandant.h; sourceTree = "<group>"; };
		72C4781C1A7D82E900D06B66 /* Errors.swift */ = {isa = PBXFileReference; fileEncoding = 4; lastKnownFileType = sourcecode.swift; name = Errors.swift; path = External/Commandant/Commandant/Errors.swift; sourceTree = "<group>"; };
		72C4781D1A7D82E900D06B66 /* HelpCommand.swift */ = {isa = PBXFileReference; fileEncoding = 4; lastKnownFileType = sourcecode.swift; name = HelpCommand.swift; path = External/Commandant/Commandant/HelpCommand.swift; sourceTree = "<group>"; };
		72C4781E1A7D82E900D06B66 /* Option.swift */ = {isa = PBXFileReference; fileEncoding = 4; lastKnownFileType = sourcecode.swift; name = Option.swift; path = External/Commandant/Commandant/Option.swift; sourceTree = "<group>"; };
		72C478251A7D833600D06B66 /* Result.swift */ = {isa = PBXFileReference; fileEncoding = 4; lastKnownFileType = sourcecode.swift; name = Result.swift; path = External/Commandant/Carthage/Checkouts/LlamaKit/LlamaKit/Result.swift; sourceTree = "<group>"; };
		72F112941A761EBA002DA544 /* CodeGeneratorType.swift */ = {isa = PBXFileReference; fileEncoding = 4; lastKnownFileType = sourcecode.swift; path = CodeGeneratorType.swift; sourceTree = "<group>"; };
		72FAC0A01A7971A400D25200 /* ColorList.swift */ = {isa = PBXFileReference; fileEncoding = 4; lastKnownFileType = sourcecode.swift; path = ColorList.swift; sourceTree = "<group>"; };
		72FAC0A21A7971F200D25200 /* NSURLExtension.swift */ = {isa = PBXFileReference; fileEncoding = 4; lastKnownFileType = sourcecode.swift; path = NSURLExtension.swift; sourceTree = "<group>"; };
/* End PBXFileReference section */

/* Begin PBXFrameworksBuildPhase section */
		7252647D1A76097B008CAFD7 /* Frameworks */ = {
			isa = PBXFrameworksBuildPhase;
			buildActionMask = 2147483647;
			files = (
			);
			runOnlyForDeploymentPostprocessing = 0;
		};
/* End PBXFrameworksBuildPhase section */

/* Begin PBXGroup section */
		725264771A76097B008CAFD7 = {
			isa = PBXGroup;
			children = (
				72C478271A7D833D00D06B66 /* External */,
				725264821A76097B008CAFD7 /* swiftrsrc */,
				725264811A76097B008CAFD7 /* Products */,
			);
			sourceTree = "<group>";
		};
		725264811A76097B008CAFD7 /* Products */ = {
			isa = PBXGroup;
			children = (
				725264801A76097B008CAFD7 /* swiftrsrc */,
			);
			name = Products;
			sourceTree = "<group>";
		};
		725264821A76097B008CAFD7 /* swiftrsrc */ = {
			isa = PBXGroup;
			children = (
				725264831A76097B008CAFD7 /* main.swift */,
				7252648A1A761075008CAFD7 /* AssetCatalog.swift */,
				72F112941A761EBA002DA544 /* CodeGeneratorType.swift */,
				72FAC0A01A7971A400D25200 /* ColorList.swift */,
				726E16B31A77F35B00400E7C /* FSTree.swift */,
				72807E521A794BB30066BAAE /* Optional.swift */,
				72807E501A79438F0066BAAE /* SequenceOperations.swift */,
				7267FDF81A78AF83003F173B /* StringExtension.swift */,
				72FAC0A21A7971F200D25200 /* NSURLExtension.swift */,
				7252C7801A7A9E8500CB6DD4 /* Storyboard.swift */,
			);
			path = swiftrsrc;
			sourceTree = "<group>";
		};
		72C478181A7D82C300D06B66 /* Commandant */ = {
			isa = PBXGroup;
			children = (
				72C478191A7D82E900D06B66 /* ArgumentParser.swift */,
				72C4781A1A7D82E900D06B66 /* Command.swift */,
				72C4781B1A7D82E900D06B66 /* Commandant.h */,
				72C4781C1A7D82E900D06B66 /* Errors.swift */,
				72C4781D1A7D82E900D06B66 /* HelpCommand.swift */,
				72C4781E1A7D82E900D06B66 /* Option.swift */,
			);
			name = Commandant;
			sourceTree = "<group>";
		};
		72C478241A7D832E00D06B66 /* LlamaKit */ = {
			isa = PBXGroup;
			children = (
				72C478251A7D833600D06B66 /* Result.swift */,
			);
			name = LlamaKit;
			sourceTree = "<group>";
		};
		72C478271A7D833D00D06B66 /* External */ = {
			isa = PBXGroup;
			children = (
				72C478241A7D832E00D06B66 /* LlamaKit */,
				72C478181A7D82C300D06B66 /* Commandant */,
			);
			name = External;
			sourceTree = "<group>";
		};
/* End PBXGroup section */

/* Begin PBXNativeTarget section */
		7252647F1A76097B008CAFD7 /* swiftrsrc */ = {
			isa = PBXNativeTarget;
			buildConfigurationList = 725264871A76097B008CAFD7 /* Build configuration list for PBXNativeTarget "swiftrsrc" */;
			buildPhases = (
				7252647C1A76097B008CAFD7 /* Sources */,
				7252647D1A76097B008CAFD7 /* Frameworks */,
				7252647E1A76097B008CAFD7 /* CopyFiles */,
			);
			buildRules = (
			);
			dependencies = (
			);
			name = swiftrsrc;
			productName = swiftrsrc;
			productReference = 725264801A76097B008CAFD7 /* swiftrsrc */;
			productType = "com.apple.product-type.tool";
		};
/* End PBXNativeTarget section */

/* Begin PBXProject section */
		725264781A76097B008CAFD7 /* Project object */ = {
			isa = PBXProject;
			attributes = {
				LastUpgradeCheck = 0610;
				ORGANIZATIONNAME = "Indragie Karunaratne";
				TargetAttributes = {
					7252647F1A76097B008CAFD7 = {
						CreatedOnToolsVersion = 6.1.1;
					};
				};
			};
			buildConfigurationList = 7252647B1A76097B008CAFD7 /* Build configuration list for PBXProject "swiftrsrc" */;
			compatibilityVersion = "Xcode 3.2";
			developmentRegion = English;
			hasScannedForEncodings = 0;
			knownRegions = (
				en,
			);
			mainGroup = 725264771A76097B008CAFD7;
			productRefGroup = 725264811A76097B008CAFD7 /* Products */;
			projectDirPath = "";
			projectRoot = "";
			targets = (
				7252647F1A76097B008CAFD7 /* swiftrsrc */,
			);
		};
/* End PBXProject section */

/* Begin PBXSourcesBuildPhase section */
		7252647C1A76097B008CAFD7 /* Sources */ = {
			isa = PBXSourcesBuildPhase;
			buildActionMask = 2147483647;
			files = (
				72FAC0A11A7971A400D25200 /* ColorList.swift in Sources */,
				7252C7811A7A9E8500CB6DD4 /* Storyboard.swift in Sources */,
				72807E511A79438F0066BAAE /* SequenceOperations.swift in Sources */,
				72C4781F1A7D82E900D06B66 /* ArgumentParser.swift in Sources */,
				7252648B1A761075008CAFD7 /* AssetCatalog.swift in Sources */,
				7267FDF91A78AF83003F173B /* StringExtension.swift in Sources */,
				72C478261A7D833600D06B66 /* Result.swift in Sources */,
				72F112951A761EBA002DA544 /* CodeGeneratorType.swift in Sources */,
				72C478231A7D82E900D06B66 /* Option.swift in Sources */,
				72C478211A7D82E900D06B66 /* Errors.swift in Sources */,
				72C478221A7D82E900D06B66 /* HelpCommand.swift in Sources */,
				725264841A76097B008CAFD7 /* main.swift in Sources */,
				726E16B41A77F35B00400E7C /* FSTree.swift in Sources */,
				72FAC0A31A7971F200D25200 /* NSURLExtension.swift in Sources */,
				72807E531A794BB30066BAAE /* Optional.swift in Sources */,
				72C478201A7D82E900D06B66 /* Command.swift in Sources */,
			);
			runOnlyForDeploymentPostprocessing = 0;
		};
/* End PBXSourcesBuildPhase section */

/* Begin XCBuildConfiguration section */
		725264851A76097B008CAFD7 /* Debug */ = {
			isa = XCBuildConfiguration;
			buildSettings = {
				ALWAYS_SEARCH_USER_PATHS = NO;
				CLANG_CXX_LANGUAGE_STANDARD = "gnu++0x";
				CLANG_CXX_LIBRARY = "libc++";
				CLANG_ENABLE_MODULES = YES;
				CLANG_ENABLE_OBJC_ARC = YES;
				CLANG_WARN_BOOL_CONVERSION = YES;
				CLANG_WARN_CONSTANT_CONVERSION = YES;
				CLANG_WARN_DIRECT_OBJC_ISA_USAGE = YES_ERROR;
				CLANG_WARN_EMPTY_BODY = YES;
				CLANG_WARN_ENUM_CONVERSION = YES;
				CLANG_WARN_INT_CONVERSION = YES;
				CLANG_WARN_OBJC_ROOT_CLASS = YES_ERROR;
				CLANG_WARN_UNREACHABLE_CODE = YES;
				CLANG_WARN__DUPLICATE_METHOD_MATCH = YES;
				COPY_PHASE_STRIP = NO;
				ENABLE_STRICT_OBJC_MSGSEND = YES;
				GCC_C_LANGUAGE_STANDARD = gnu99;
				GCC_DYNAMIC_NO_PIC = NO;
				GCC_OPTIMIZATION_LEVEL = 0;
				GCC_PREPROCESSOR_DEFINITIONS = (
					"DEBUG=1",
					"$(inherited)",
				);
				GCC_SYMBOLS_PRIVATE_EXTERN = NO;
				GCC_WARN_64_TO_32_BIT_CONVERSION = YES;
				GCC_WARN_ABOUT_RETURN_TYPE = YES_ERROR;
				GCC_WARN_UNDECLARED_SELECTOR = YES;
				GCC_WARN_UNINITIALIZED_AUTOS = YES_AGGRESSIVE;
				GCC_WARN_UNUSED_FUNCTION = YES;
				GCC_WARN_UNUSED_VARIABLE = YES;
				MACOSX_DEPLOYMENT_TARGET = 10.10;
				MTL_ENABLE_DEBUG_INFO = YES;
				ONLY_ACTIVE_ARCH = YES;
				SDKROOT = macosx;
				SWIFT_OPTIMIZATION_LEVEL = "-Onone";
			};
			name = Debug;
		};
		725264861A76097B008CAFD7 /* Release */ = {
			isa = XCBuildConfiguration;
			buildSettings = {
				ALWAYS_SEARCH_USER_PATHS = NO;
				CLANG_CXX_LANGUAGE_STANDARD = "gnu++0x";
				CLANG_CXX_LIBRARY = "libc++";
				CLANG_ENABLE_MODULES = YES;
				CLANG_ENABLE_OBJC_ARC = YES;
				CLANG_WARN_BOOL_CONVERSION = YES;
				CLANG_WARN_CONSTANT_CONVERSION = YES;
				CLANG_WARN_DIRECT_OBJC_ISA_USAGE = YES_ERROR;
				CLANG_WARN_EMPTY_BODY = YES;
				CLANG_WARN_ENUM_CONVERSION = YES;
				CLANG_WARN_INT_CONVERSION = YES;
				CLANG_WARN_OBJC_ROOT_CLASS = YES_ERROR;
				CLANG_WARN_UNREACHABLE_CODE = YES;
				CLANG_WARN__DUPLICATE_METHOD_MATCH = YES;
				COPY_PHASE_STRIP = YES;
				DEBUG_INFORMATION_FORMAT = "dwarf-with-dsym";
				ENABLE_NS_ASSERTIONS = NO;
				ENABLE_STRICT_OBJC_MSGSEND = YES;
				GCC_C_LANGUAGE_STANDARD = gnu99;
				GCC_WARN_64_TO_32_BIT_CONVERSION = YES;
				GCC_WARN_ABOUT_RETURN_TYPE = YES_ERROR;
				GCC_WARN_UNDECLARED_SELECTOR = YES;
				GCC_WARN_UNINITIALIZED_AUTOS = YES_AGGRESSIVE;
				GCC_WARN_UNUSED_FUNCTION = YES;
				GCC_WARN_UNUSED_VARIABLE = YES;
				MACOSX_DEPLOYMENT_TARGET = 10.10;
				MTL_ENABLE_DEBUG_INFO = NO;
				SDKROOT = macosx;
			};
			name = Release;
		};
		725264881A76097B008CAFD7 /* Debug */ = {
			isa = XCBuildConfiguration;
			buildSettings = {
				PRODUCT_NAME = "$(TARGET_NAME)";
			};
			name = Debug;
		};
		725264891A76097B008CAFD7 /* Release */ = {
			isa = XCBuildConfiguration;
			buildSettings = {
				PRODUCT_NAME = "$(TARGET_NAME)";
			};
			name = Release;
		};
/* End XCBuildConfiguration section */

/* Begin XCConfigurationList section */
		7252647B1A76097B008CAFD7 /* Build configuration list for PBXProject "swiftrsrc" */ = {
			isa = XCConfigurationList;
			buildConfigurations = (
				725264851A76097B008CAFD7 /* Debug */,
				725264861A76097B008CAFD7 /* Release */,
			);
			defaultConfigurationIsVisible = 0;
			defaultConfigurationName = Release;
		};
		725264871A76097B008CAFD7 /* Build configuration list for PBXNativeTarget "swiftrsrc" */ = {
			isa = XCConfigurationList;
			buildConfigurations = (
				725264881A76097B008CAFD7 /* Debug */,
				725264891A76097B008CAFD7 /* Release */,
			);
			defaultConfigurationIsVisible = 0;
			defaultConfigurationName = Release;
		};
/* End XCConfigurationList section */
	};
	rootObject = 725264781A76097B008CAFD7 /* Project object */;
}
