// !$*UTF8*$!
{
	archiveVersion = 1;
	classes = {
	};
	objectVersion = 46;
	objects = {

/* Begin PBXBuildFile section */
		725264841A76097B008CAFD7 /* main.swift in Sources */ = {isa = PBXBuildFile; fileRef = 725264831A76097B008CAFD7 /* main.swift */; };
		7252648B1A761075008CAFD7 /* AssetCatalog.swift in Sources */ = {isa = PBXBuildFile; fileRef = 7252648A1A761075008CAFD7 /* AssetCatalog.swift */; };
		725264C11A76152C008CAFD7 /* FilesystemEnumeration.swift in Sources */ = {isa = PBXBuildFile; fileRef = 725264C01A76152C008CAFD7 /* FilesystemEnumeration.swift */; };
		726E16B41A77F35B00400E7C /* FSNode.swift in Sources */ = {isa = PBXBuildFile; fileRef = 726E16B31A77F35B00400E7C /* FSNode.swift */; };
		72F112951A761EBA002DA544 /* CodeGeneratorType.swift in Sources */ = {isa = PBXBuildFile; fileRef = 72F112941A761EBA002DA544 /* CodeGeneratorType.swift */; };
/* End PBXBuildFile section */

/* Begin PBXCopyFilesBuildPhase section */
		7252647E1A76097B008CAFD7 /* CopyFiles */ = {
			isa = PBXCopyFilesBuildPhase;
			buildActionMask = 2147483647;
			dstPath = /usr/share/man/man1/;
			dstSubfolderSpec = 0;
			files = (
			);
			runOnlyForDeploymentPostprocessing = 1;
		};
/* End PBXCopyFilesBuildPhase section */

/* Begin PBXFileReference section */
		725264801A76097B008CAFD7 /* swiftrsrc */ = {isa = PBXFileReference; explicitFileType = "compiled.mach-o.executable"; includeInIndex = 0; path = swiftrsrc; sourceTree = BUILT_PRODUCTS_DIR; };
		725264831A76097B008CAFD7 /* main.swift */ = {isa = PBXFileReference; lastKnownFileType = sourcecode.swift; path = main.swift; sourceTree = "<group>"; };
		7252648A1A761075008CAFD7 /* AssetCatalog.swift */ = {isa = PBXFileReference; fileEncoding = 4; lastKnownFileType = sourcecode.swift; path = AssetCatalog.swift; sourceTree = "<group>"; };
		725264C01A76152C008CAFD7 /* FilesystemEnumeration.swift */ = {isa = PBXFileReference; fileEncoding = 4; lastKnownFileType = sourcecode.swift; path = FilesystemEnumeration.swift; sourceTree = "<group>"; };
		726E16B31A77F35B00400E7C /* FSNode.swift */ = {isa = PBXFileReference; fileEncoding = 4; lastKnownFileType = sourcecode.swift; path = FSNode.swift; sourceTree = "<group>"; };
		72F112941A761EBA002DA544 /* CodeGeneratorType.swift */ = {isa = PBXFileReference; fileEncoding = 4; lastKnownFileType = sourcecode.swift; path = CodeGeneratorType.swift; sourceTree = "<group>"; };
/* End PBXFileReference section */

/* Begin PBXFrameworksBuildPhase section */
		7252647D1A76097B008CAFD7 /* Frameworks */ = {
			isa = PBXFrameworksBuildPhase;
			buildActionMask = 2147483647;
			files = (
			);
			runOnlyForDeploymentPostprocessing = 0;
		};
/* End PBXFrameworksBuildPhase section */

/* Begin PBXGroup section */
		725264771A76097B008CAFD7 = {
			isa = PBXGroup;
			children = (
				725264821A76097B008CAFD7 /* swiftrsrc */,
				725264811A76097B008CAFD7 /* Products */,
			);
			sourceTree = "<group>";
		};
		725264811A76097B008CAFD7 /* Products */ = {
			isa = PBXGroup;
			children = (
				725264801A76097B008CAFD7 /* swiftrsrc */,
			);
			name = Products;
			sourceTree = "<group>";
		};
		725264821A76097B008CAFD7 /* swiftrsrc */ = {
			isa = PBXGroup;
			children = (
				725264831A76097B008CAFD7 /* main.swift */,
				7252648A1A761075008CAFD7 /* AssetCatalog.swift */,
				725264C01A76152C008CAFD7 /* FilesystemEnumeration.swift */,
				72F112941A761EBA002DA544 /* CodeGeneratorType.swift */,
				726E16B31A77F35B00400E7C /* FSNode.swift */,
			);
			path = swiftrsrc;
			sourceTree = "<group>";
		};
/* End PBXGroup section */

/* Begin PBXNativeTarget section */
		7252647F1A76097B008CAFD7 /* swiftrsrc */ = {
			isa = PBXNativeTarget;
			buildConfigurationList = 725264871A76097B008CAFD7 /* Build configuration list for PBXNativeTarget "swiftrsrc" */;
			buildPhases = (
				7252647C1A76097B008CAFD7 /* Sources */,
				7252647D1A76097B008CAFD7 /* Frameworks */,
				7252647E1A76097B008CAFD7 /* CopyFiles */,
			);
			buildRules = (
			);
			dependencies = (
			);
			name = swiftrsrc;
			productName = swiftrsrc;
			productReference = 725264801A76097B008CAFD7 /* swiftrsrc */;
			productType = "com.apple.product-type.tool";
		};
/* End PBXNativeTarget section */

/* Begin PBXProject section */
		725264781A76097B008CAFD7 /* Project object */ = {
			isa = PBXProject;
			attributes = {
				LastUpgradeCheck = 0610;
				ORGANIZATIONNAME = "Indragie Karunaratne";
				TargetAttributes = {
					7252647F1A76097B008CAFD7 = {
						CreatedOnToolsVersion = 6.1.1;
					};
				};
			};
			buildConfigurationList = 7252647B1A76097B008CAFD7 /* Build configuration list for PBXProject "swiftrsrc" */;
			compatibilityVersion = "Xcode 3.2";
			developmentRegion = English;
			hasScannedForEncodings = 0;
			knownRegions = (
				en,
			);
			mainGroup = 725264771A76097B008CAFD7;
			productRefGroup = 725264811A76097B008CAFD7 /* Products */;
			projectDirPath = "";
			projectRoot = "";
			targets = (
				7252647F1A76097B008CAFD7 /* swiftrsrc */,
			);
		};
/* End PBXProject section */

/* Begin PBXSourcesBuildPhase section */
		7252647C1A76097B008CAFD7 /* Sources */ = {
			isa = PBXSourcesBuildPhase;
			buildActionMask = 2147483647;
			files = (
				725264C11A76152C008CAFD7 /* FilesystemEnumeration.swift in Sources */,
				7252648B1A761075008CAFD7 /* AssetCatalog.swift in Sources */,
				72F112951A761EBA002DA544 /* CodeGeneratorType.swift in Sources */,
				725264841A76097B008CAFD7 /* main.swift in Sources */,
				726E16B41A77F35B00400E7C /* FSNode.swift in Sources */,
			);
			runOnlyForDeploymentPostprocessing = 0;
		};
/* End PBXSourcesBuildPhase section */

/* Begin XCBuildConfiguration section */
		725264851A76097B008CAFD7 /* Debug */ = {
			isa = XCBuildConfiguration;
			buildSettings = {
				ALWAYS_SEARCH_USER_PATHS = NO;
				CLANG_CXX_LANGUAGE_STANDARD = "gnu++0x";
				CLANG_CXX_LIBRARY = "libc++";
				CLANG_ENABLE_MODULES = YES;
				CLANG_ENABLE_OBJC_ARC = YES;
				CLANG_WARN_BOOL_CONVERSION = YES;
				CLANG_WARN_CONSTANT_CONVERSION = YES;
				CLANG_WARN_DIRECT_OBJC_ISA_USAGE = YES_ERROR;
				CLANG_WARN_EMPTY_BODY = YES;
				CLANG_WARN_ENUM_CONVERSION = YES;
				CLANG_WARN_INT_CONVERSION = YES;
				CLANG_WARN_OBJC_ROOT_CLASS = YES_ERROR;
				CLANG_WARN_UNREACHABLE_CODE = YES;
				CLANG_WARN__DUPLICATE_METHOD_MATCH = YES;
				COPY_PHASE_STRIP = NO;
				ENABLE_STRICT_OBJC_MSGSEND = YES;
				GCC_C_LANGUAGE_STANDARD = gnu99;
				GCC_DYNAMIC_NO_PIC = NO;
				GCC_OPTIMIZATION_LEVEL = 0;
				GCC_PREPROCESSOR_DEFINITIONS = (
					"DEBUG=1",
					"$(inherited)",
				);
				GCC_SYMBOLS_PRIVATE_EXTERN = NO;
				GCC_WARN_64_TO_32_BIT_CONVERSION = YES;
				GCC_WARN_ABOUT_RETURN_TYPE = YES_ERROR;
				GCC_WARN_UNDECLARED_SELECTOR = YES;
				GCC_WARN_UNINITIALIZED_AUTOS = YES_AGGRESSIVE;
				GCC_WARN_UNUSED_FUNCTION = YES;
				GCC_WARN_UNUSED_VARIABLE = YES;
				MACOSX_DEPLOYMENT_TARGET = 10.10;
				MTL_ENABLE_DEBUG_INFO = YES;
				ONLY_ACTIVE_ARCH = YES;
				SDKROOT = macosx;
				SWIFT_OPTIMIZATION_LEVEL = "-Onone";
			};
			name = Debug;
		};
		725264861A76097B008CAFD7 /* Release */ = {
			isa = XCBuildConfiguration;
			buildSettings = {
				ALWAYS_SEARCH_USER_PATHS = NO;
				CLANG_CXX_LANGUAGE_STANDARD = "gnu++0x";
				CLANG_CXX_LIBRARY = "libc++";
				CLANG_ENABLE_MODULES = YES;
				CLANG_ENABLE_OBJC_ARC = YES;
				CLANG_WARN_BOOL_CONVERSION = YES;
				CLANG_WARN_CONSTANT_CONVERSION = YES;
				CLANG_WARN_DIRECT_OBJC_ISA_USAGE = YES_ERROR;
				CLANG_WARN_EMPTY_BODY = YES;
				CLANG_WARN_ENUM_CONVERSION = YES;
				CLANG_WARN_INT_CONVERSION = YES;
				CLANG_WARN_OBJC_ROOT_CLASS = YES_ERROR;
				CLANG_WARN_UNREACHABLE_CODE = YES;
				CLANG_WARN__DUPLICATE_METHOD_MATCH = YES;
				COPY_PHASE_STRIP = YES;
				DEBUG_INFORMATION_FORMAT = "dwarf-with-dsym";
				ENABLE_NS_ASSERTIONS = NO;
				ENABLE_STRICT_OBJC_MSGSEND = YES;
				GCC_C_LANGUAGE_STANDARD = gnu99;
				GCC_WARN_64_TO_32_BIT_CONVERSION = YES;
				GCC_WARN_ABOUT_RETURN_TYPE = YES_ERROR;
				GCC_WARN_UNDECLARED_SELECTOR = YES;
				GCC_WARN_UNINITIALIZED_AUTOS = YES_AGGRESSIVE;
				GCC_WARN_UNUSED_FUNCTION = YES;
				GCC_WARN_UNUSED_VARIABLE = YES;
				MACOSX_DEPLOYMENT_TARGET = 10.10;
				MTL_ENABLE_DEBUG_INFO = NO;
				SDKROOT = macosx;
			};
			name = Release;
		};
		725264881A76097B008CAFD7 /* Debug */ = {
			isa = XCBuildConfiguration;
			buildSettings = {
				PRODUCT_NAME = "$(TARGET_NAME)";
			};
			name = Debug;
		};
		725264891A76097B008CAFD7 /* Release */ = {
			isa = XCBuildConfiguration;
			buildSettings = {
				PRODUCT_NAME = "$(TARGET_NAME)";
			};
			name = Release;
		};
/* End XCBuildConfiguration section */

/* Begin XCConfigurationList section */
		7252647B1A76097B008CAFD7 /* Build configuration list for PBXProject "swiftrsrc" */ = {
			isa = XCConfigurationList;
			buildConfigurations = (
				725264851A76097B008CAFD7 /* Debug */,
				725264861A76097B008CAFD7 /* Release */,
			);
			defaultConfigurationIsVisible = 0;
			defaultConfigurationName = Release;
		};
		725264871A76097B008CAFD7 /* Build configuration list for PBXNativeTarget "swiftrsrc" */ = {
			isa = XCConfigurationList;
			buildConfigurations = (
				725264881A76097B008CAFD7 /* Debug */,
				725264891A76097B008CAFD7 /* Release */,
			);
			defaultConfigurationIsVisible = 0;
			defaultConfigurationName = Release;
		};
/* End XCConfigurationList section */
	};
	rootObject = 725264781A76097B008CAFD7 /* Project object */;
}
